
Microsoft Visual Studio Solution File, Format Version 12.00
# Visual Studio Version 17
VisualStudioVersion = 17.8.34330.188
MinimumVisualStudioVersion = 10.0.40219.1
Project("{FAE04EC0-301F-11D3-BF4B-00C04F79EFBC}") = "Fish_Shield API", "Fish_Shield API\Fish_Shield API.csproj", "{CD02B5AD-9AB1-4FAA-89C4-2A834E1DA333}"
EndProject
Global
	GlobalSection(SolutionConfigurationPlatforms) = preSolution
		Debug|Any CPU = Debug|Any CPU
		Release|Any CPU = Release|Any CPU
	EndGlobalSection
	GlobalSection(ProjectConfigurationPlatforms) = postSolution
		{CD02B5AD-9AB1-4FAA-89C4-2A834E1DA333}.Debug|Any CPU.ActiveCfg = Debug|Any CPU
		{CD02B5AD-9AB1-4FAA-89C4-2A834E1DA333}.Debug|Any CPU.Build.0 = Debug|Any CPU
		{CD02B5AD-9AB1-4FAA-89C4-2A834E1DA333}.Release|Any CPU.ActiveCfg = Release|Any CPU
		{CD02B5AD-9AB1-4FAA-89C4-2A834E1DA333}.Release|Any CPU.Build.0 = Release|Any CPU
	EndGlobalSection
	GlobalSection(SolutionProperties) = preSolution
		HideSolutionNode = FALSE
	EndGlobalSection
	GlobalSection(ExtensibilityGlobals) = postSolution
		SolutionGuid = {FD01EA49-2610-41F6-9C8A-183F341C4740}
	EndGlobalSection
EndGlobal
