
Microsoft Visual Studio Solution File, Format Version 12.00
# Visual Studio Version 17
VisualStudioVersion = 17.8.34330.188
MinimumVisualStudioVersion = 10.0.40219.1
Project("{9A19103F-16F7-4668-BE54-9A1E7A4F7556}") = "Fish_Shield API", "Fish_Shield API\Fish_Shield API.csproj", "{CD02B5AD-9AB1-4FAA-89C4-2A834E1DA333}"
EndProject
Project("{9A19103F-16F7-4668-BE54-9A1E7A4F7556}") = "CORE", "CORE\CORE.csproj", "{A20358E8-C5D4-48C4-9E6B-6A832C2D81DC}"
EndProject
Project("{9A19103F-16F7-4668-BE54-9A1E7A4F7556}") = "Repositories", "Repositories\Repositories.csproj", "{7BDD3B67-4553-4857-8CD9-24799472CDF8}"
EndProject
Project("{9A19103F-16F7-4668-BE54-9A1E7A4F7556}") = "Services", "Services\Services.csproj", "{700B4650-FD7C-475A-AEFE-3613DF50F540}"
EndProject
Project("{9A19103F-16F7-4668-BE54-9A1E7A4F7556}") = "Presentation", "Presentation\Presentation.csproj", "{70E4BEDF-58CC-41E2-A2BE-41C7E0659629}"
EndProject
Global
	GlobalSection(SolutionConfigurationPlatforms) = preSolution
		Debug|Any CPU = Debug|Any CPU
		Release|Any CPU = Release|Any CPU
	EndGlobalSection
	GlobalSection(ProjectConfigurationPlatforms) = postSolution
		{CD02B5AD-9AB1-4FAA-89C4-2A834E1DA333}.Debug|Any CPU.ActiveCfg = Debug|Any CPU
		{CD02B5AD-9AB1-4FAA-89C4-2A834E1DA333}.Debug|Any CPU.Build.0 = Debug|Any CPU
		{CD02B5AD-9AB1-4FAA-89C4-2A834E1DA333}.Release|Any CPU.ActiveCfg = Release|Any CPU
		{CD02B5AD-9AB1-4FAA-89C4-2A834E1DA333}.Release|Any CPU.Build.0 = Release|Any CPU
		{A20358E8-C5D4-48C4-9E6B-6A832C2D81DC}.Debug|Any CPU.ActiveCfg = Debug|Any CPU
		{A20358E8-C5D4-48C4-9E6B-6A832C2D81DC}.Debug|Any CPU.Build.0 = Debug|Any CPU
		{A20358E8-C5D4-48C4-9E6B-6A832C2D81DC}.Release|Any CPU.ActiveCfg = Release|Any CPU
		{A20358E8-C5D4-48C4-9E6B-6A832C2D81DC}.Release|Any CPU.Build.0 = Release|Any CPU
		{7BDD3B67-4553-4857-8CD9-24799472CDF8}.Debug|Any CPU.ActiveCfg = Debug|Any CPU
		{7BDD3B67-4553-4857-8CD9-24799472CDF8}.Debug|Any CPU.Build.0 = Debug|Any CPU
		{7BDD3B67-4553-4857-8CD9-24799472CDF8}.Release|Any CPU.ActiveCfg = Release|Any CPU
		{7BDD3B67-4553-4857-8CD9-24799472CDF8}.Release|Any CPU.Build.0 = Release|Any CPU
		{700B4650-FD7C-475A-AEFE-3613DF50F540}.Debug|Any CPU.ActiveCfg = Debug|Any CPU
		{700B4650-FD7C-475A-AEFE-3613DF50F540}.Debug|Any CPU.Build.0 = Debug|Any CPU
		{700B4650-FD7C-475A-AEFE-3613DF50F540}.Release|Any CPU.ActiveCfg = Release|Any CPU
		{700B4650-FD7C-475A-AEFE-3613DF50F540}.Release|Any CPU.Build.0 = Release|Any CPU
		{70E4BEDF-58CC-41E2-A2BE-41C7E0659629}.Debug|Any CPU.ActiveCfg = Debug|Any CPU
		{70E4BEDF-58CC-41E2-A2BE-41C7E0659629}.Debug|Any CPU.Build.0 = Debug|Any CPU
		{70E4BEDF-58CC-41E2-A2BE-41C7E0659629}.Release|Any CPU.ActiveCfg = Release|Any CPU
		{70E4BEDF-58CC-41E2-A2BE-41C7E0659629}.Release|Any CPU.Build.0 = Release|Any CPU
	EndGlobalSection
	GlobalSection(SolutionProperties) = preSolution
		HideSolutionNode = FALSE
	EndGlobalSection
	GlobalSection(ExtensibilityGlobals) = postSolution
		SolutionGuid = {FD01EA49-2610-41F6-9C8A-183F341C4740}
	EndGlobalSection
EndGlobal
